
Microsoft Visual Studio Solution File, Format Version 12.00
# Visual Studio Version 16
VisualStudioVersion = 16.0.31313.79
MinimumVisualStudioVersion = 10.0.40219.1
Project("{8BC9CEB8-8B4A-11D0-8D11-00A0C91BC942}") = "참조에 의한 호출로 구조체 전달", "참조에 의한 호출로 구조체 전달\참조에 의한 호출로 구조체 전달.vcxproj", "{F34502C7-0189-4C6C-988F-D84E9B4E2B1A}"
EndProject
Global
	GlobalSection(SolutionConfigurationPlatforms) = preSolution
		Debug|x64 = Debug|x64
		Debug|x86 = Debug|x86
		Release|x64 = Release|x64
		Release|x86 = Release|x86
	EndGlobalSection
	GlobalSection(ProjectConfigurationPlatforms) = postSolution
		{F34502C7-0189-4C6C-988F-D84E9B4E2B1A}.Debug|x64.ActiveCfg = Debug|x64
		{F34502C7-0189-4C6C-988F-D84E9B4E2B1A}.Debug|x64.Build.0 = Debug|x64
		{F34502C7-0189-4C6C-988F-D84E9B4E2B1A}.Debug|x86.ActiveCfg = Debug|Win32
		{F34502C7-0189-4C6C-988F-D84E9B4E2B1A}.Debug|x86.Build.0 = Debug|Win32
		{F34502C7-0189-4C6C-988F-D84E9B4E2B1A}.Release|x64.ActiveCfg = Release|x64
		{F34502C7-0189-4C6C-988F-D84E9B4E2B1A}.Release|x64.Build.0 = Release|x64
		{F34502C7-0189-4C6C-988F-D84E9B4E2B1A}.Release|x86.ActiveCfg = Release|Win32
		{F34502C7-0189-4C6C-988F-D84E9B4E2B1A}.Release|x86.Build.0 = Release|Win32
	EndGlobalSection
	GlobalSection(SolutionProperties) = preSolution
		HideSolutionNode = FALSE
	EndGlobalSection
	GlobalSection(ExtensibilityGlobals) = postSolution
		SolutionGuid = {4B2D08AF-A967-4615-92A8-BE54C74465A0}
	EndGlobalSection
EndGlobal
